// !$*UTF8*$!
{
	archiveVersion = 1;
	classes = {
	};
	objectVersion = 46;
	objects = {

/* Begin PBXBuildFile section */
		9876B8551F42D32D007C6E24 /* main.m in Sources */ = {isa = PBXBuildFile; fileRef = 9876B8541F42D32D007C6E24 /* main.m */; };
		9876B8581F42D32D007C6E24 /* AppDelegate.m in Sources */ = {isa = PBXBuildFile; fileRef = 9876B8571F42D32D007C6E24 /* AppDelegate.m */; };
		9876B85B1F42D32D007C6E24 /* ViewController.m in Sources */ = {isa = PBXBuildFile; fileRef = 9876B85A1F42D32D007C6E24 /* ViewController.m */; };
		9876B85E1F42D32D007C6E24 /* Main.storyboard in Resources */ = {isa = PBXBuildFile; fileRef = 9876B85C1F42D32D007C6E24 /* Main.storyboard */; };
		9876B8601F42D32D007C6E24 /* Assets.xcassets in Resources */ = {isa = PBXBuildFile; fileRef = 9876B85F1F42D32D007C6E24 /* Assets.xcassets */; };
		9876B8631F42D32D007C6E24 /* LaunchScreen.storyboard in Resources */ = {isa = PBXBuildFile; fileRef = 9876B8611F42D32D007C6E24 /* LaunchScreen.storyboard */; };
		9876B86E1F42D32D007C6E24 /* TestTextTests.m in Sources */ = {isa = PBXBuildFile; fileRef = 9876B86D1F42D32D007C6E24 /* TestTextTests.m */; };
		9876B8791F42D32D007C6E24 /* TestTextUITests.m in Sources */ = {isa = PBXBuildFile; fileRef = 9876B8781F42D32D007C6E24 /* TestTextUITests.m */; };
/* End PBXBuildFile section */

/* Begin PBXContainerItemProxy section */
		9876B86A1F42D32D007C6E24 /* PBXContainerItemProxy */ = {
			isa = PBXContainerItemProxy;
			containerPortal = 9876B8481F42D32D007C6E24 /* Project object */;
			proxyType = 1;
			remoteGlobalIDString = 9876B84F1F42D32D007C6E24;
			remoteInfo = TestText;
		};
		9876B8751F42D32D007C6E24 /* PBXContainerItemProxy */ = {
			isa = PBXContainerItemProxy;
			containerPortal = 9876B8481F42D32D007C6E24 /* Project object */;
			proxyType = 1;
			remoteGlobalIDString = 9876B84F1F42D32D007C6E24;
			remoteInfo = TestText;
		};
/* End PBXContainerItemProxy section */

/* Begin PBXFileReference section */
		9876B8501F42D32D007C6E24 /* TestText.app */ = {isa = PBXFileReference; explicitFileType = wrapper.application; includeInIndex = 0; path = TestText.app; sourceTree = BUILT_PRODUCTS_DIR; };
		9876B8541F42D32D007C6E24 /* main.m */ = {isa = PBXFileReference; lastKnownFileType = sourcecode.c.objc; path = main.m; sourceTree = "<group>"; };
		9876B8561F42D32D007C6E24 /* AppDelegate.h */ = {isa = PBXFileReference; lastKnownFileType = sourcecode.c.h; path = AppDelegate.h; sourceTree = "<group>"; };
		9876B8571F42D32D007C6E24 /* AppDelegate.m */ = {isa = PBXFileReference; lastKnownFileType = sourcecode.c.objc; path = AppDelegate.m; sourceTree = "<group>"; };
		9876B8591F42D32D007C6E24 /* ViewController.h */ = {isa = PBXFileReference; lastKnownFileType = sourcecode.c.h; path = ViewController.h; sourceTree = "<group>"; };
		9876B85A1F42D32D007C6E24 /* ViewController.m */ = {isa = PBXFileReference; lastKnownFileType = sourcecode.c.objc; path = ViewController.m; sourceTree = "<group>"; };
		9876B85D1F42D32D007C6E24 /* Base */ = {isa = PBXFileReference; lastKnownFileType = file.storyboard; name = Base; path = Base.lproj/Main.storyboard; sourceTree = "<group>"; };
		9876B85F1F42D32D007C6E24 /* Assets.xcassets */ = {isa = PBXFileReference; lastKnownFileType = folder.assetcatalog; path = Assets.xcassets; sourceTree = "<group>"; };
		9876B8621F42D32D007C6E24 /* Base */ = {isa = PBXFileReference; lastKnownFileType = file.storyboard; name = Base; path = Base.lproj/LaunchScreen.storyboard; sourceTree = "<group>"; };
		9876B8641F42D32D007C6E24 /* Info.plist */ = {isa = PBXFileReference; lastKnownFileType = text.plist.xml; path = Info.plist; sourceTree = "<group>"; };
		9876B8691F42D32D007C6E24 /* TestTextTests.xctest */ = {isa = PBXFileReference; explicitFileType = wrapper.cfbundle; includeInIndex = 0; path = TestTextTests.xctest; sourceTree = BUILT_PRODUCTS_DIR; };
		9876B86D1F42D32D007C6E24 /* TestTextTests.m */ = {isa = PBXFileReference; lastKnownFileType = sourcecode.c.objc; path = TestTextTests.m; sourceTree = "<group>"; };
		9876B86F1F42D32D007C6E24 /* Info.plist */ = {isa = PBXFileReference; lastKnownFileType = text.plist.xml; path = Info.plist; sourceTree = "<group>"; };
		9876B8741F42D32D007C6E24 /* TestTextUITests.xctest */ = {isa = PBXFileReference; explicitFileType = wrapper.cfbundle; includeInIndex = 0; path = TestTextUITests.xctest; sourceTree = BUILT_PRODUCTS_DIR; };
		9876B8781F42D32D007C6E24 /* TestTextUITests.m */ = {isa = PBXFileReference; lastKnownFileType = sourcecode.c.objc; path = TestTextUITests.m; sourceTree = "<group>"; };
		9876B87A1F42D32D007C6E24 /* Info.plist */ = {isa = PBXFileReference; lastKnownFileType = text.plist.xml; path = Info.plist; sourceTree = "<group>"; };
/* End PBXFileReference section */

/* Begin PBXFrameworksBuildPhase section */
		9876B84D1F42D32D007C6E24 /* Frameworks */ = {
			isa = PBXFrameworksBuildPhase;
			buildActionMask = 2147483647;
			files = (
			);
			runOnlyForDeploymentPostprocessing = 0;
		};
		9876B8661F42D32D007C6E24 /* Frameworks */ = {
			isa = PBXFrameworksBuildPhase;
			buildActionMask = 2147483647;
			files = (
			);
			runOnlyForDeploymentPostprocessing = 0;
		};
		9876B8711F42D32D007C6E24 /* Frameworks */ = {
			isa = PBXFrameworksBuildPhase;
			buildActionMask = 2147483647;
			files = (
			);
			runOnlyForDeploymentPostprocessing = 0;
		};
/* End PBXFrameworksBuildPhase section */

/* Begin PBXGroup section */
		9876B8471F42D32D007C6E24 = {
			isa = PBXGroup;
			children = (
				9876B8521F42D32D007C6E24 /* TestText */,
				9876B86C1F42D32D007C6E24 /* TestTextTests */,
				9876B8771F42D32D007C6E24 /* TestTextUITests */,
				9876B8511F42D32D007C6E24 /* Products */,
			);
			sourceTree = "<group>";
		};
		9876B8511F42D32D007C6E24 /* Products */ = {
			isa = PBXGroup;
			children = (
				9876B8501F42D32D007C6E24 /* TestText.app */,
				9876B8691F42D32D007C6E24 /* TestTextTests.xctest */,
				9876B8741F42D32D007C6E24 /* TestTextUITests.xctest */,
			);
			name = Products;
			sourceTree = "<group>";
		};
		9876B8521F42D32D007C6E24 /* TestText */ = {
			isa = PBXGroup;
			children = (
				9876B8561F42D32D007C6E24 /* AppDelegate.h */,
				9876B8571F42D32D007C6E24 /* AppDelegate.m */,
				9876B8591F42D32D007C6E24 /* ViewController.h */,
				9876B85A1F42D32D007C6E24 /* ViewController.m */,
				9876B85C1F42D32D007C6E24 /* Main.storyboard */,
				9876B85F1F42D32D007C6E24 /* Assets.xcassets */,
				9876B8611F42D32D007C6E24 /* LaunchScreen.storyboard */,
				9876B8641F42D32D007C6E24 /* Info.plist */,
				9876B8531F42D32D007C6E24 /* Supporting Files */,
			);
			path = TestText;
			sourceTree = "<group>";
		};
		9876B8531F42D32D007C6E24 /* Supporting Files */ = {
			isa = PBXGroup;
			children = (
				9876B8541F42D32D007C6E24 /* main.m */,
			);
			name = "Supporting Files";
			sourceTree = "<group>";
		};
		9876B86C1F42D32D007C6E24 /* TestTextTests */ = {
			isa = PBXGroup;
			children = (
				9876B86D1F42D32D007C6E24 /* TestTextTests.m */,
				9876B86F1F42D32D007C6E24 /* Info.plist */,
			);
			path = TestTextTests;
			sourceTree = "<group>";
		};
		9876B8771F42D32D007C6E24 /* TestTextUITests */ = {
			isa = PBXGroup;
			children = (
				9876B8781F42D32D007C6E24 /* TestTextUITests.m */,
				9876B87A1F42D32D007C6E24 /* Info.plist */,
			);
			path = TestTextUITests;
			sourceTree = "<group>";
		};
/* End PBXGroup section */

/* Begin PBXNativeTarget section */
		9876B84F1F42D32D007C6E24 /* TestText */ = {
			isa = PBXNativeTarget;
			buildConfigurationList = 9876B87D1F42D32D007C6E24 /* Build configuration list for PBXNativeTarget "TestText" */;
			buildPhases = (
				9876B84C1F42D32D007C6E24 /* Sources */,
				9876B84D1F42D32D007C6E24 /* Frameworks */,
				9876B84E1F42D32D007C6E24 /* Resources */,
			);
			buildRules = (
			);
			dependencies = (
			);
			name = TestText;
			productName = TestText;
			productReference = 9876B8501F42D32D007C6E24 /* TestText.app */;
			productType = "com.apple.product-type.application";
		};
		9876B8681F42D32D007C6E24 /* TestTextTests */ = {
			isa = PBXNativeTarget;
			buildConfigurationList = 9876B8801F42D32D007C6E24 /* Build configuration list for PBXNativeTarget "TestTextTests" */;
			buildPhases = (
				9876B8651F42D32D007C6E24 /* Sources */,
				9876B8661F42D32D007C6E24 /* Frameworks */,
				9876B8671F42D32D007C6E24 /* Resources */,
			);
			buildRules = (
			);
			dependencies = (
				9876B86B1F42D32D007C6E24 /* PBXTargetDependency */,
			);
			name = TestTextTests;
			productName = TestTextTests;
			productReference = 9876B8691F42D32D007C6E24 /* TestTextTests.xctest */;
			productType = "com.apple.product-type.bundle.unit-test";
		};
		9876B8731F42D32D007C6E24 /* TestTextUITests */ = {
			isa = PBXNativeTarget;
			buildConfigurationList = 9876B8831F42D32D007C6E24 /* Build configuration list for PBXNativeTarget "TestTextUITests" */;
			buildPhases = (
				9876B8701F42D32D007C6E24 /* Sources */,
				9876B8711F42D32D007C6E24 /* Frameworks */,
				9876B8721F42D32D007C6E24 /* Resources */,
			);
			buildRules = (
			);
			dependencies = (
				9876B8761F42D32D007C6E24 /* PBXTargetDependency */,
			);
			name = TestTextUITests;
			productName = TestTextUITests;
			productReference = 9876B8741F42D32D007C6E24 /* TestTextUITests.xctest */;
			productType = "com.apple.product-type.bundle.ui-testing";
		};
/* End PBXNativeTarget section */

/* Begin PBXProject section */
		9876B8481F42D32D007C6E24 /* Project object */ = {
			isa = PBXProject;
			attributes = {
				LastUpgradeCheck = 0830;
				ORGANIZATIONNAME = zm;
				TargetAttributes = {
					9876B84F1F42D32D007C6E24 = {
						CreatedOnToolsVersion = 8.3.3;
						ProvisioningStyle = Automatic;
					};
					9876B8681F42D32D007C6E24 = {
						CreatedOnToolsVersion = 8.3.3;
						ProvisioningStyle = Automatic;
						TestTargetID = 9876B84F1F42D32D007C6E24;
					};
					9876B8731F42D32D007C6E24 = {
						CreatedOnToolsVersion = 8.3.3;
						ProvisioningStyle = Automatic;
						TestTargetID = 9876B84F1F42D32D007C6E24;
					};
				};
			};
			buildConfigurationList = 9876B84B1F42D32D007C6E24 /* Build configuration list for PBXProject "TestText" */;
			compatibilityVersion = "Xcode 3.2";
			developmentRegion = English;
			hasScannedForEncodings = 0;
			knownRegions = (
				en,
				Base,
			);
			mainGroup = 9876B8471F42D32D007C6E24;
			productRefGroup = 9876B8511F42D32D007C6E24 /* Products */;
			projectDirPath = "";
			projectRoot = "";
			targets = (
				9876B84F1F42D32D007C6E24 /* TestText */,
				9876B8681F42D32D007C6E24 /* TestTextTests */,
				9876B8731F42D32D007C6E24 /* TestTextUITests */,
			);
		};
/* End PBXProject section */

/* Begin PBXResourcesBuildPhase section */
		9876B84E1F42D32D007C6E24 /* Resources */ = {
			isa = PBXResourcesBuildPhase;
			buildActionMask = 2147483647;
			files = (
				9876B8631F42D32D007C6E24 /* LaunchScreen.storyboard in Resources */,
				9876B8601F42D32D007C6E24 /* Assets.xcassets in Resources */,
				9876B85E1F42D32D007C6E24 /* Main.storyboard in Resources */,
			);
			runOnlyForDeploymentPostprocessing = 0;
		};
		9876B8671F42D32D007C6E24 /* Resources */ = {
			isa = PBXResourcesBuildPhase;
			buildActionMask = 2147483647;
			files = (
			);
			runOnlyForDeploymentPostprocessing = 0;
		};
		9876B8721F42D32D007C6E24 /* Resources */ = {
			isa = PBXResourcesBuildPhase;
			buildActionMask = 2147483647;
			files = (
			);
			runOnlyForDeploymentPostprocessing = 0;
		};
/* End PBXResourcesBuildPhase section */

/* Begin PBXSourcesBuildPhase section */
		9876B84C1F42D32D007C6E24 /* Sources */ = {
			isa = PBXSourcesBuildPhase;
			buildActionMask = 2147483647;
			files = (
				9876B85B1F42D32D007C6E24 /* ViewController.m in Sources */,
				9876B8581F42D32D007C6E24 /* AppDelegate.m in Sources */,
				9876B8551F42D32D007C6E24 /* main.m in Sources */,
			);
			runOnlyForDeploymentPostprocessing = 0;
		};
		9876B8651F42D32D007C6E24 /* Sources */ = {
			isa = PBXSourcesBuildPhase;
			buildActionMask = 2147483647;
			files = (
				9876B86E1F42D32D007C6E24 /* TestTextTests.m in Sources */,
			);
			runOnlyForDeploymentPostprocessing = 0;
		};
		9876B8701F42D32D007C6E24 /* Sources */ = {
			isa = PBXSourcesBuildPhase;
			buildActionMask = 2147483647;
			files = (
				9876B8791F42D32D007C6E24 /* TestTextUITests.m in Sources */,
			);
			runOnlyForDeploymentPostprocessing = 0;
		};
/* End PBXSourcesBuildPhase section */

/* Begin PBXTargetDependency section */
		9876B86B1F42D32D007C6E24 /* PBXTargetDependency */ = {
			isa = PBXTargetDependency;
			target = 9876B84F1F42D32D007C6E24 /* TestText */;
			targetProxy = 9876B86A1F42D32D007C6E24 /* PBXContainerItemProxy */;
		};
		9876B8761F42D32D007C6E24 /* PBXTargetDependency */ = {
			isa = PBXTargetDependency;
			target = 9876B84F1F42D32D007C6E24 /* TestText */;
			targetProxy = 9876B8751F42D32D007C6E24 /* PBXContainerItemProxy */;
		};
/* End PBXTargetDependency section */

/* Begin PBXVariantGroup section */
		9876B85C1F42D32D007C6E24 /* Main.storyboard */ = {
			isa = PBXVariantGroup;
			children = (
				9876B85D1F42D32D007C6E24 /* Base */,
			);
			name = Main.storyboard;
			sourceTree = "<group>";
		};
		9876B8611F42D32D007C6E24 /* LaunchScreen.storyboard */ = {
			isa = PBXVariantGroup;
			children = (
				9876B8621F42D32D007C6E24 /* Base */,
			);
			name = LaunchScreen.storyboard;
			sourceTree = "<group>";
		};
/* End PBXVariantGroup section */

/* Begin XCBuildConfiguration section */
		9876B87B1F42D32D007C6E24 /* Debug */ = {
			isa = XCBuildConfiguration;
			buildSettings = {
				ALWAYS_SEARCH_USER_PATHS = NO;
				CLANG_ANALYZER_NONNULL = YES;
				CLANG_ANALYZER_NUMBER_OBJECT_CONVERSION = YES_AGGRESSIVE;
				CLANG_CXX_LANGUAGE_STANDARD = "gnu++0x";
				CLANG_CXX_LIBRARY = "libc++";
				CLANG_ENABLE_MODULES = YES;
				CLANG_ENABLE_OBJC_ARC = YES;
				CLANG_WARN_BOOL_CONVERSION = YES;
				CLANG_WARN_CONSTANT_CONVERSION = YES;
				CLANG_WARN_DIRECT_OBJC_ISA_USAGE = YES_ERROR;
				CLANG_WARN_DOCUMENTATION_COMMENTS = YES;
				CLANG_WARN_EMPTY_BODY = YES;
				CLANG_WARN_ENUM_CONVERSION = YES;
				CLANG_WARN_INFINITE_RECURSION = YES;
				CLANG_WARN_INT_CONVERSION = YES;
				CLANG_WARN_OBJC_ROOT_CLASS = YES_ERROR;
				CLANG_WARN_SUSPICIOUS_MOVE = YES;
				CLANG_WARN_UNREACHABLE_CODE = YES;
				CLANG_WARN__DUPLICATE_METHOD_MATCH = YES;
				"CODE_SIGN_IDENTITY[sdk=iphoneos*]" = "iPhone Developer";
				COPY_PHASE_STRIP = NO;
				DEBUG_INFORMATION_FORMAT = dwarf;
				ENABLE_STRICT_OBJC_MSGSEND = YES;
				ENABLE_TESTABILITY = YES;
				GCC_C_LANGUAGE_STANDARD = gnu99;
				GCC_DYNAMIC_NO_PIC = NO;
				GCC_NO_COMMON_BLOCKS = YES;
				GCC_OPTIMIZATION_LEVEL = 0;
				GCC_PREPROCESSOR_DEFINITIONS = (
					"DEBUG=1",
					"$(inherited)",
				);
				GCC_WARN_64_TO_32_BIT_CONVERSION = YES;
				GCC_WARN_ABOUT_RETURN_TYPE = YES_ERROR;
				GCC_WARN_UNDECLARED_SELECTOR = YES;
				GCC_WARN_UNINITIALIZED_AUTOS = YES_AGGRESSIVE;
				GCC_WARN_UNUSED_FUNCTION = YES;
				GCC_WARN_UNUSED_VARIABLE = YES;
				IPHONEOS_DEPLOYMENT_TARGET = 10.3;
				MTL_ENABLE_DEBUG_INFO = YES;
				ONLY_ACTIVE_ARCH = YES;
				SDKROOT = iphoneos;
				TARGETED_DEVICE_FAMILY = "1,2";
			};
			name = Debug;
		};
		9876B87C1F42D32D007C6E24 /* Release */ = {
			isa = XCBuildConfiguration;
			buildSettings = {
				ALWAYS_SEARCH_USER_PATHS = NO;
				CLANG_ANALYZER_NONNULL = YES;
				CLANG_ANALYZER_NUMBER_OBJECT_CONVERSION = YES_AGGRESSIVE;
				CLANG_CXX_LANGUAGE_STANDARD = "gnu++0x";
				CLANG_CXX_LIBRARY = "libc++";
				CLANG_ENABLE_MODULES = YES;
				CLANG_ENABLE_OBJC_ARC = YES;
				CLANG_WARN_BOOL_CONVERSION = YES;
				CLANG_WARN_CONSTANT_CONVERSION = YES;
				CLANG_WARN_DIRECT_OBJC_ISA_USAGE = YES_ERROR;
				CLANG_WARN_DOCUMENTATION_COMMENTS = YES;
				CLANG_WARN_EMPTY_BODY = YES;
				CLANG_WARN_ENUM_CONVERSION = YES;
				CLANG_WARN_INFINITE_RECURSION = YES;
				CLANG_WARN_INT_CONVERSION = YES;
				CLANG_WARN_OBJC_ROOT_CLASS = YES_ERROR;
				CLANG_WARN_SUSPICIOUS_MOVE = YES;
				CLANG_WARN_UNREACHABLE_CODE = YES;
				CLANG_WARN__DUPLICATE_METHOD_MATCH = YES;
				"CODE_SIGN_IDENTITY[sdk=iphoneos*]" = "iPhone Developer";
				COPY_PHASE_STRIP = NO;
				DEBUG_INFORMATION_FORMAT = "dwarf-with-dsym";
				ENABLE_NS_ASSERTIONS = NO;
				ENABLE_STRICT_OBJC_MSGSEND = YES;
				GCC_C_LANGUAGE_STANDARD = gnu99;
				GCC_NO_COMMON_BLOCKS = YES;
				GCC_WARN_64_TO_32_BIT_CONVERSION = YES;
				GCC_WARN_ABOUT_RETURN_TYPE = YES_ERROR;
				GCC_WARN_UNDECLARED_SELECTOR = YES;
				GCC_WARN_UNINITIALIZED_AUTOS = YES_AGGRESSIVE;
				GCC_WARN_UNUSED_FUNCTION = YES;
				GCC_WARN_UNUSED_VARIABLE = YES;
				IPHONEOS_DEPLOYMENT_TARGET = 10.3;
				MTL_ENABLE_DEBUG_INFO = NO;
				SDKROOT = iphoneos;
				TARGETED_DEVICE_FAMILY = "1,2";
				VALIDATE_PRODUCT = YES;
			};
			name = Release;
		};
		9876B87E1F42D32D007C6E24 /* Debug */ = {
			isa = XCBuildConfiguration;
			buildSettings = {
				ASSETCATALOG_COMPILER_APPICON_NAME = AppIcon;
				INFOPLIST_FILE = TestText/Info.plist;
				LD_RUNPATH_SEARCH_PATHS = "$(inherited) @executable_path/Frameworks";
				PRODUCT_BUNDLE_IDENTIFIER = zm.TestText;
				PRODUCT_NAME = "$(TARGET_NAME)";
			};
			name = Debug;
		};
		9876B87F1F42D32D007C6E24 /* Release */ = {
			isa = XCBuildConfiguration;
			buildSettings = {
				ASSETCATALOG_COMPILER_APPICON_NAME = AppIcon;
				INFOPLIST_FILE = TestText/Info.plist;
				LD_RUNPATH_SEARCH_PATHS = "$(inherited) @executable_path/Frameworks";
				PRODUCT_BUNDLE_IDENTIFIER = zm.TestText;
				PRODUCT_NAME = "$(TARGET_NAME)";
			};
			name = Release;
		};
		9876B8811F42D32D007C6E24 /* Debug */ = {
			isa = XCBuildConfiguration;
			buildSettings = {
				BUNDLE_LOADER = "$(TEST_HOST)";
				INFOPLIST_FILE = TestTextTests/Info.plist;
				LD_RUNPATH_SEARCH_PATHS = "$(inherited) @executable_path/Frameworks @loader_path/Frameworks";
				PRODUCT_BUNDLE_IDENTIFIER = zm.TestTextTests;
				PRODUCT_NAME = "$(TARGET_NAME)";
				TEST_HOST = "$(BUILT_PRODUCTS_DIR)/TestText.app/TestText";
			};
			name = Debug;
		};
		9876B8821F42D32D007C6E24 /* Release */ = {
			isa = XCBuildConfiguration;
			buildSettings = {
				BUNDLE_LOADER = "$(TEST_HOST)";
				INFOPLIST_FILE = TestTextTests/Info.plist;
				LD_RUNPATH_SEARCH_PATHS = "$(inherited) @executable_path/Frameworks @loader_path/Frameworks";
				PRODUCT_BUNDLE_IDENTIFIER = zm.TestTextTests;
				PRODUCT_NAME = "$(TARGET_NAME)";
				TEST_HOST = "$(BUILT_PRODUCTS_DIR)/TestText.app/TestText";
			};
			name = Release;
		};
		9876B8841F42D32D007C6E24 /* Debug */ = {
			isa = XCBuildConfiguration;
			buildSettings = {
				INFOPLIST_FILE = TestTextUITests/Info.plist;
				LD_RUNPATH_SEARCH_PATHS = "$(inherited) @executable_path/Frameworks @loader_path/Frameworks";
				PRODUCT_BUNDLE_IDENTIFIER = zm.TestTextUITests;
				PRODUCT_NAME = "$(TARGET_NAME)";
				TEST_TARGET_NAME = TestText;
			};
			name = Debug;
		};
		9876B8851F42D32D007C6E24 /* Release */ = {
			isa = XCBuildConfiguration;
			buildSettings = {
				INFOPLIST_FILE = TestTextUITests/Info.plist;
				LD_RUNPATH_SEARCH_PATHS = "$(inherited) @executable_path/Frameworks @loader_path/Frameworks";
				PRODUCT_BUNDLE_IDENTIFIER = zm.TestTextUITests;
				PRODUCT_NAME = "$(TARGET_NAME)";
				TEST_TARGET_NAME = TestText;
			};
			name = Release;
		};
/* End XCBuildConfiguration section */

/* Begin XCConfigurationList section */
		9876B84B1F42D32D007C6E24 /* Build configuration list for PBXProject "TestText" */ = {
			isa = XCConfigurationList;
			buildConfigurations = (
				9876B87B1F42D32D007C6E24 /* Debug */,
				9876B87C1F42D32D007C6E24 /* Release */,
			);
			defaultConfigurationIsVisible = 0;
			defaultConfigurationName = Release;
		};
		9876B87D1F42D32D007C6E24 /* Build configuration list for PBXNativeTarget "TestText" */ = {
			isa = XCConfigurationList;
			buildConfigurations = (
				9876B87E1F42D32D007C6E24 /* Debug */,
				9876B87F1F42D32D007C6E24 /* Release */,
			);
			defaultConfigurationIsVisible = 0;
		};
		9876B8801F42D32D007C6E24 /* Build configuration list for PBXNativeTarget "TestTextTests" */ = {
			isa = XCConfigurationList;
			buildConfigurations = (
				9876B8811F42D32D007C6E24 /* Debug */,
				9876B8821F42D32D007C6E24 /* Release */,
			);
			defaultConfigurationIsVisible = 0;
		};
		9876B8831F42D32D007C6E24 /* Build configuration list for PBXNativeTarget "TestTextUITests" */ = {
			isa = XCConfigurationList;
			buildConfigurations = (
				9876B8841F42D32D007C6E24 /* Debug */,
				9876B8851F42D32D007C6E24 /* Release */,
			);
			defaultConfigurationIsVisible = 0;
		};
/* End XCConfigurationList section */
	};
	rootObject = 9876B8481F42D32D007C6E24 /* Project object */;
}
